
Microsoft Visual Studio Solution File, Format Version 12.00
# Visual Studio Version 17
VisualStudioVersion = 17.7.34031.279
MinimumVisualStudioVersion = 10.0.40219.1
Project("{8BC9CEB8-8B4A-11D0-8D11-00A0C91BC942}") = "MBCG_Lab3", "MBCG_Lab3\MBCG_Lab3.vcxproj", "{22395C2F-7727-4FEB-84DE-4F687C33AE92}"
EndProject
Global
	GlobalSection(SolutionConfigurationPlatforms) = preSolution
		Debug|x64 = Debug|x64
		Debug|x86 = Debug|x86
		Release|x64 = Release|x64
		Release|x86 = Release|x86
	EndGlobalSection
	GlobalSection(ProjectConfigurationPlatforms) = postSolution
		{22395C2F-7727-4FEB-84DE-4F687C33AE92}.Debug|x64.ActiveCfg = Debug|x64
		{22395C2F-7727-4FEB-84DE-4F687C33AE92}.Debug|x64.Build.0 = Debug|x64
		{22395C2F-7727-4FEB-84DE-4F687C33AE92}.Debug|x86.ActiveCfg = Debug|Win32
		{22395C2F-7727-4FEB-84DE-4F687C33AE92}.Debug|x86.Build.0 = Debug|Win32
		{22395C2F-7727-4FEB-84DE-4F687C33AE92}.Release|x64.ActiveCfg = Release|x64
		{22395C2F-7727-4FEB-84DE-4F687C33AE92}.Release|x64.Build.0 = Release|x64
		{22395C2F-7727-4FEB-84DE-4F687C33AE92}.Release|x86.ActiveCfg = Release|Win32
		{22395C2F-7727-4FEB-84DE-4F687C33AE92}.Release|x86.Build.0 = Release|Win32
	EndGlobalSection
	GlobalSection(SolutionProperties) = preSolution
		HideSolutionNode = FALSE
	EndGlobalSection
	GlobalSection(ExtensibilityGlobals) = postSolution
		SolutionGuid = {FEAD8D74-F104-4764-85FD-A31FFBABEB1E}
	EndGlobalSection
EndGlobal
